
Microsoft Visual Studio Solution File, Format Version 12.00
# Visual Studio 2013
VisualStudioVersion = 12.0.21005.1
MinimumVisualStudioVersion = 10.0.40219.1
Project("{8BC9CEB8-8B4A-11D0-8D11-00A0C91BC942}") = "人脸识别低配版", "人脸识别低配版\人脸识别低配版.vcxproj", "{CA268D33-A48E-48C2-A51C-157326AC1CA2}"
EndProject
Global
	GlobalSection(SolutionConfigurationPlatforms) = preSolution
		Debug|Win32 = Debug|Win32
		Release|Win32 = Release|Win32
	EndGlobalSection
	GlobalSection(ProjectConfigurationPlatforms) = postSolution
		{CA268D33-A48E-48C2-A51C-157326AC1CA2}.Debug|Win32.ActiveCfg = Debug|Win32
		{CA268D33-A48E-48C2-A51C-157326AC1CA2}.Debug|Win32.Build.0 = Debug|Win32
		{CA268D33-A48E-48C2-A51C-157326AC1CA2}.Release|Win32.ActiveCfg = Release|Win32
		{CA268D33-A48E-48C2-A51C-157326AC1CA2}.Release|Win32.Build.0 = Release|Win32
	EndGlobalSection
	GlobalSection(SolutionProperties) = preSolution
		HideSolutionNode = FALSE
	EndGlobalSection
EndGlobal
